
Microsoft Visual Studio Solution File, Format Version 12.00
# Visual Studio Version 17
VisualStudioVersion = 17.14.36408.4 d17.14
MinimumVisualStudioVersion = 10.0.40219.1
Project("{FAE04EC0-301F-11D3-BF4B-00C04F79EFBC}") = "BaiTapThucHanhWeb3", "BaiTapThucHanhWeb3\BaiTapThucHanhWeb3.csproj", "{64593884-533D-4B5C-B92D-99EF39C46823}"
EndProject
Global
	GlobalSection(SolutionConfigurationPlatforms) = preSolution
		Debug|Any CPU = Debug|Any CPU
		Release|Any CPU = Release|Any CPU
	EndGlobalSection
	GlobalSection(ProjectConfigurationPlatforms) = postSolution
		{64593884-533D-4B5C-B92D-99EF39C46823}.Debug|Any CPU.ActiveCfg = Debug|Any CPU
		{64593884-533D-4B5C-B92D-99EF39C46823}.Debug|Any CPU.Build.0 = Debug|Any CPU
		{64593884-533D-4B5C-B92D-99EF39C46823}.Release|Any CPU.ActiveCfg = Release|Any CPU
		{64593884-533D-4B5C-B92D-99EF39C46823}.Release|Any CPU.Build.0 = Release|Any CPU
	EndGlobalSection
	GlobalSection(SolutionProperties) = preSolution
		HideSolutionNode = FALSE
	EndGlobalSection
	GlobalSection(ExtensibilityGlobals) = postSolution
		SolutionGuid = {4795BCC7-1AED-4302-961A-01593B586B0D}
	EndGlobalSection
EndGlobal
